PATH
  remote: ../
  specs:
    makara (0.3.0.rc3)
      activerecord (>= 3.0.0)

GEM
  remote: https://rubygems.org/
  specs:
    activemodel (3.0.17)
      activesupport (= 3.0.17)
      builder (~> 2.1.2)
      i18n (~> 0.5.0)
    activerecord (3.0.17)
      activemodel (= 3.0.17)
      activesupport (= 3.0.17)
      arel (~> 2.0.10)
      tzinfo (~> 0.3.23)
    activesupport (3.0.17)
    arel (2.0.10)
    builder (2.1.2)
    diff-lcs (1.2.5)
    i18n (0.5.4)
    mysql2 (0.2.11)
    pg (0.18.1)
    rack (1.5.2)
    rake (10.4.2)
    rspec (3.2.0)
      rspec-core (~> 3.2.0)
      rspec-expectations (~> 3.2.0)
      rspec-mocks (~> 3.2.0)
    rspec-core (3.2.2)
      rspec-support (~> 3.2.0)
    rspec-expectations (3.2.0)
      diff-lcs (>= 1.2.0, < 2.0)
      rspec-support (~> 3.2.0)
    rspec-mocks (3.2.1)
      diff-lcs (>= 1.2.0, < 2.0)
      rspec-support (~> 3.2.0)
    rspec-support (3.2.2)
    timecop (0.7.3)
    tzinfo (0.3.43)

PLATFORMS
  ruby

DEPENDENCIES
  activerecord (= 3.0.17)
  activerecord-jdbcmysql-adapter
  activerecord-jdbcpostgresql-adapter
  makara!
  mysql2 (= 0.2.11)
  pg
  rack (= 1.5.2)
  rake
  rspec
  timecop
